// !$*UTF8*$!
{
	archiveVersion = 1;
	classes = {
	};
	objectVersion = 55;
	objects = {

/* Begin PBXBuildFile section */
		3E399CC44F1981B9C6A6220A /* Pods_PsiCalculator.framework in Frameworks */ = {isa = PBXBuildFile; fileRef = 7920A50F5C2F823A9B03AB9B /* Pods_PsiCalculator.framework */; };
		6A2905D42813B02800480436 /* AppDelegate.swift in Sources */ = {isa = PBXBuildFile; fileRef = 6A2905D32813B02800480436 /* AppDelegate.swift */; };
		6A2905D62813B02800480436 /* SceneDelegate.swift in Sources */ = {isa = PBXBuildFile; fileRef = 6A2905D52813B02800480436 /* SceneDelegate.swift */; };
		6A2905DB2813B02800480436 /* Main.storyboard in Resources */ = {isa = PBXBuildFile; fileRef = 6A2905D92813B02800480436 /* Main.storyboard */; };
		6A2905DD2813B02B00480436 /* Assets.xcassets in Resources */ = {isa = PBXBuildFile; fileRef = 6A2905DC2813B02B00480436 /* Assets.xcassets */; };
		6A2905E02813B02B00480436 /* LaunchScreen.storyboard in Resources */ = {isa = PBXBuildFile; fileRef = 6A2905DE2813B02B00480436 /* LaunchScreen.storyboard */; };
		6AB261DE283D660F00278C4C /* LoginViewController.swift in Sources */ = {isa = PBXBuildFile; fileRef = 6AB261DD283D660F00278C4C /* LoginViewController.swift */; };
		6AB261E0283EDD4300278C4C /* GoogleService-Info.plist in Resources */ = {isa = PBXBuildFile; fileRef = 6AB261DF283EDD4300278C4C /* GoogleService-Info.plist */; };
		6ABF1C59284AC83300291424 /* IQKeyboardManagerSwift in Frameworks */ = {isa = PBXBuildFile; productRef = 6ABF1C58284AC83300291424 /* IQKeyboardManagerSwift */; };
		6AFE15D2286CF72200B220EB /* CylinderViewController.swift in Sources */ = {isa = PBXBuildFile; fileRef = 6AFE15D1286CF72200B220EB /* CylinderViewController.swift */; };
/* End PBXBuildFile section */

/* Begin PBXFileReference section */
		4AA016BB0D6DF0FDD010CFCA /* Pods-PsiCalculator.release.xcconfig */ = {isa = PBXFileReference; includeInIndex = 1; lastKnownFileType = text.xcconfig; name = "Pods-PsiCalculator.release.xcconfig"; path = "Target Support Files/Pods-PsiCalculator/Pods-PsiCalculator.release.xcconfig"; sourceTree = "<group>"; };
		6A2905D02813B02800480436 /* PsiCalculator.app */ = {isa = PBXFileReference; explicitFileType = wrapper.application; includeInIndex = 0; path = PsiCalculator.app; sourceTree = BUILT_PRODUCTS_DIR; };
		6A2905D32813B02800480436 /* AppDelegate.swift */ = {isa = PBXFileReference; lastKnownFileType = sourcecode.swift; path = AppDelegate.swift; sourceTree = "<group>"; };
		6A2905D52813B02800480436 /* SceneDelegate.swift */ = {isa = PBXFileReference; lastKnownFileType = sourcecode.swift; path = SceneDelegate.swift; sourceTree = "<group>"; };
		6A2905DA2813B02800480436 /* Base */ = {isa = PBXFileReference; lastKnownFileType = file.storyboard; name = Base; path = Base.lproj/Main.storyboard; sourceTree = "<group>"; };
		6A2905DC2813B02B00480436 /* Assets.xcassets */ = {isa = PBXFileReference; lastKnownFileType = folder.assetcatalog; path = Assets.xcassets; sourceTree = "<group>"; };
		6A2905DF2813B02B00480436 /* Base */ = {isa = PBXFileReference; lastKnownFileType = file.storyboard; name = Base; path = Base.lproj/LaunchScreen.storyboard; sourceTree = "<group>"; };
		6A2905E12813B02B00480436 /* Info.plist */ = {isa = PBXFileReference; lastKnownFileType = text.plist.xml; path = Info.plist; sourceTree = "<group>"; };
		6AB261DD283D660F00278C4C /* LoginViewController.swift */ = {isa = PBXFileReference; lastKnownFileType = sourcecode.swift; path = LoginViewController.swift; sourceTree = "<group>"; };
		6AB261DF283EDD4300278C4C /* GoogleService-Info.plist */ = {isa = PBXFileReference; fileEncoding = 4; lastKnownFileType = text.plist.xml; path = "GoogleService-Info.plist"; sourceTree = "<group>"; };
		6AFE15D1286CF72200B220EB /* CylinderViewController.swift */ = {isa = PBXFileReference; lastKnownFileType = sourcecode.swift; path = CylinderViewController.swift; sourceTree = "<group>"; };
		7920A50F5C2F823A9B03AB9B /* Pods_PsiCalculator.framework */ = {isa = PBXFileReference; explicitFileType = wrapper.framework; includeInIndex = 0; path = Pods_PsiCalculator.framework; sourceTree = BUILT_PRODUCTS_DIR; };
		85BEA64AAED0B7BD03060CB6 /* Pods-PsiCalculator.debug.xcconfig */ = {isa = PBXFileReference; includeInIndex = 1; lastKnownFileType = text.xcconfig; name = "Pods-PsiCalculator.debug.xcconfig"; path = "Target Support Files/Pods-PsiCalculator/Pods-PsiCalculator.debug.xcconfig"; sourceTree = "<group>"; };
/* End PBXFileReference section */

/* Begin PBXFrameworksBuildPhase section */
		6A2905CD2813B02800480436 /* Frameworks */ = {
			isa = PBXFrameworksBuildPhase;
			buildActionMask = 2147483647;
			files = (
				3E399CC44F1981B9C6A6220A /* Pods_PsiCalculator.framework in Frameworks */,
				6ABF1C59284AC83300291424 /* IQKeyboardManagerSwift in Frameworks */,
			);
			runOnlyForDeploymentPostprocessing = 0;
		};
/* End PBXFrameworksBuildPhase section */

/* Begin PBXGroup section */
		30C16B2A015BD17435C1CED2 /* Pods */ = {
			isa = PBXGroup;
			children = (
				85BEA64AAED0B7BD03060CB6 /* Pods-PsiCalculator.debug.xcconfig */,
				4AA016BB0D6DF0FDD010CFCA /* Pods-PsiCalculator.release.xcconfig */,
			);
			path = Pods;
			sourceTree = "<group>";
		};
		6A2905C72813B02800480436 = {
			isa = PBXGroup;
			children = (
				6A2905D22813B02800480436 /* PsiCalculator */,
				6A2905D12813B02800480436 /* Products */,
				30C16B2A015BD17435C1CED2 /* Pods */,
				A22047F7990BF59FCEC0B2F0 /* Frameworks */,
			);
			sourceTree = "<group>";
		};
		6A2905D12813B02800480436 /* Products */ = {
			isa = PBXGroup;
			children = (
				6A2905D02813B02800480436 /* PsiCalculator.app */,
			);
			name = Products;
			sourceTree = "<group>";
		};
		6A2905D22813B02800480436 /* PsiCalculator */ = {
			isa = PBXGroup;
			children = (
				6A2905D32813B02800480436 /* AppDelegate.swift */,
				6A2905D52813B02800480436 /* SceneDelegate.swift */,
				6A2905D92813B02800480436 /* Main.storyboard */,
				6AB261DD283D660F00278C4C /* LoginViewController.swift */,
				6AFE15D1286CF72200B220EB /* CylinderViewController.swift */,
				6A2905DC2813B02B00480436 /* Assets.xcassets */,
				6A2905DE2813B02B00480436 /* LaunchScreen.storyboard */,
				6A2905E12813B02B00480436 /* Info.plist */,
				6AB261DF283EDD4300278C4C /* GoogleService-Info.plist */,
			);
			path = PsiCalculator;
			sourceTree = "<group>";
		};
		A22047F7990BF59FCEC0B2F0 /* Frameworks */ = {
			isa = PBXGroup;
			children = (
				7920A50F5C2F823A9B03AB9B /* Pods_PsiCalculator.framework */,
			);
			name = Frameworks;
			sourceTree = "<group>";
		};
/* End PBXGroup section */

/* Begin PBXNativeTarget section */
		6A2905CF2813B02800480436 /* PsiCalculator */ = {
			isa = PBXNativeTarget;
			buildConfigurationList = 6A2905E42813B02B00480436 /* Build configuration list for PBXNativeTarget "PsiCalculator" */;
			buildPhases = (
				BDF1F4E5062383E0A2F429BD /* [CP] Check Pods Manifest.lock */,
				6A2905CC2813B02800480436 /* Sources */,
				6A2905CD2813B02800480436 /* Frameworks */,
				6A2905CE2813B02800480436 /* Resources */,
				C684D7DA2C7C8FC11D877534 /* [CP] Embed Pods Frameworks */,
			);
			buildRules = (
			);
			dependencies = (
			);
			name = PsiCalculator;
			packageProductDependencies = (
				6ABF1C58284AC83300291424 /* IQKeyboardManagerSwift */,
			);
			productName = PsiCalculator;
			productReference = 6A2905D02813B02800480436 /* PsiCalculator.app */;
			productType = "com.apple.product-type.application";
		};
/* End PBXNativeTarget section */

/* Begin PBXProject section */
		6A2905C82813B02800480436 /* Project object */ = {
			isa = PBXProject;
			attributes = {
				BuildIndependentTargetsInParallel = 1;
				LastSwiftUpdateCheck = 1330;
				LastUpgradeCheck = 1330;
				TargetAttributes = {
					6A2905CF2813B02800480436 = {
						CreatedOnToolsVersion = 13.3;
					};
				};
			};
			buildConfigurationList = 6A2905CB2813B02800480436 /* Build configuration list for PBXProject "PsiCalculator" */;
			compatibilityVersion = "Xcode 13.0";
			developmentRegion = en;
			hasScannedForEncodings = 0;
			knownRegions = (
				en,
				Base,
			);
			mainGroup = 6A2905C72813B02800480436;
			packageReferences = (
				6ABF1C56284AC25800291424 /* XCRemoteSwiftPackageReference "IQKeyboardManager" */,
				6ABF1C57284AC83300291424 /* XCRemoteSwiftPackageReference "IQKeyboardManager" */,
			);
			productRefGroup = 6A2905D12813B02800480436 /* Products */;
			projectDirPath = "";
			projectRoot = "";
			targets = (
				6A2905CF2813B02800480436 /* PsiCalculator */,
			);
		};
/* End PBXProject section */

/* Begin PBXResourcesBuildPhase section */
		6A2905CE2813B02800480436 /* Resources */ = {
			isa = PBXResourcesBuildPhase;
			buildActionMask = 2147483647;
			files = (
				6A2905E02813B02B00480436 /* LaunchScreen.storyboard in Resources */,
				6AB261E0283EDD4300278C4C /* GoogleService-Info.plist in Resources */,
				6A2905DD2813B02B00480436 /* Assets.xcassets in Resources */,
				6A2905DB2813B02800480436 /* Main.storyboard in Resources */,
			);
			runOnlyForDeploymentPostprocessing = 0;
		};
/* End PBXResourcesBuildPhase section */

/* Begin PBXShellScriptBuildPhase section */
		BDF1F4E5062383E0A2F429BD /* [CP] Check Pods Manifest.lock */ = {
			isa = PBXShellScriptBuildPhase;
			buildActionMask = 2147483647;
			files = (
			);
			inputFileListPaths = (
			);
			inputPaths = (
				"${PODS_PODFILE_DIR_PATH}/Podfile.lock",
				"${PODS_ROOT}/Manifest.lock",
			);
			name = "[CP] Check Pods Manifest.lock";
			outputFileListPaths = (
			);
			outputPaths = (
				"$(DERIVED_FILE_DIR)/Pods-PsiCalculator-checkManifestLockResult.txt",
			);
			runOnlyForDeploymentPostprocessing = 0;
			shellPath = /bin/sh;
			shellScript = "diff \"${PODS_PODFILE_DIR_PATH}/Podfile.lock\" \"${PODS_ROOT}/Manifest.lock\" > /dev/null\nif [ $? != 0 ] ; then\n    # print error to STDERR\n    echo \"error: The sandbox is not in sync with the Podfile.lock. Run 'pod install' or update your CocoaPods installation.\" >&2\n    exit 1\nfi\n# This output is used by Xcode 'outputs' to avoid re-running this script phase.\necho \"SUCCESS\" > \"${SCRIPT_OUTPUT_FILE_0}\"\n";
			showEnvVarsInLog = 0;
		};
		C684D7DA2C7C8FC11D877534 /* [CP] Embed Pods Frameworks */ = {
			isa = PBXShellScriptBuildPhase;
			buildActionMask = 2147483647;
			files = (
			);
			inputFileListPaths = (
				"${PODS_ROOT}/Target Support Files/Pods-PsiCalculator/Pods-PsiCalculator-frameworks-${CONFIGURATION}-input-files.xcfilelist",
			);
			name = "[CP] Embed Pods Frameworks";
			outputFileListPaths = (
				"${PODS_ROOT}/Target Support Files/Pods-PsiCalculator/Pods-PsiCalculator-frameworks-${CONFIGURATION}-output-files.xcfilelist",
			);
			runOnlyForDeploymentPostprocessing = 0;
			shellPath = /bin/sh;
			shellScript = "\"${PODS_ROOT}/Target Support Files/Pods-PsiCalculator/Pods-PsiCalculator-frameworks.sh\"\n";
			showEnvVarsInLog = 0;
		};
/* End PBXShellScriptBuildPhase section */

/* Begin PBXSourcesBuildPhase section */
		6A2905CC2813B02800480436 /* Sources */ = {
			isa = PBXSourcesBuildPhase;
			buildActionMask = 2147483647;
			files = (
				6AFE15D2286CF72200B220EB /* CylinderViewController.swift in Sources */,
				6AB261DE283D660F00278C4C /* LoginViewController.swift in Sources */,
				6A2905D42813B02800480436 /* AppDelegate.swift in Sources */,
				6A2905D62813B02800480436 /* SceneDelegate.swift in Sources */,
			);
			runOnlyForDeploymentPostprocessing = 0;
		};
/* End PBXSourcesBuildPhase section */

/* Begin PBXVariantGroup section */
		6A2905D92813B02800480436 /* Main.storyboard */ = {
			isa = PBXVariantGroup;
			children = (
				6A2905DA2813B02800480436 /* Base */,
			);
			name = Main.storyboard;
			sourceTree = "<group>";
		};
		6A2905DE2813B02B00480436 /* LaunchScreen.storyboard */ = {
			isa = PBXVariantGroup;
			children = (
				6A2905DF2813B02B00480436 /* Base */,
			);
			name = LaunchScreen.storyboard;
			sourceTree = "<group>";
		};
/* End PBXVariantGroup section */

/* Begin XCBuildConfiguration section */
		6A2905E22813B02B00480436 /* Debug */ = {
			isa = XCBuildConfiguration;
			buildSettings = {
				ALWAYS_SEARCH_USER_PATHS = NO;
				CLANG_ANALYZER_NONNULL = YES;
				CLANG_ANALYZER_NUMBER_OBJECT_CONVERSION = YES_AGGRESSIVE;
				CLANG_CXX_LANGUAGE_STANDARD = "gnu++17";
				CLANG_ENABLE_MODULES = YES;
				CLANG_ENABLE_OBJC_ARC = YES;
				CLANG_ENABLE_OBJC_WEAK = YES;
				CLANG_WARN_BLOCK_CAPTURE_AUTORELEASING = YES;
				CLANG_WARN_BOOL_CONVERSION = YES;
				CLANG_WARN_COMMA = YES;
				CLANG_WARN_CONSTANT_CONVERSION = YES;
				CLANG_WARN_DEPRECATED_OBJC_IMPLEMENTATIONS = YES;
				CLANG_WARN_DIRECT_OBJC_ISA_USAGE = YES_ERROR;
				CLANG_WARN_DOCUMENTATION_COMMENTS = YES;
				CLANG_WARN_EMPTY_BODY = YES;
				CLANG_WARN_ENUM_CONVERSION = YES;
				CLANG_WARN_INFINITE_RECURSION = YES;
				CLANG_WARN_INT_CONVERSION = YES;
				CLANG_WARN_NON_LITERAL_NULL_CONVERSION = YES;
				CLANG_WARN_OBJC_IMPLICIT_RETAIN_SELF = YES;
				CLANG_WARN_OBJC_LITERAL_CONVERSION = YES;
				CLANG_WARN_OBJC_ROOT_CLASS = YES_ERROR;
				CLANG_WARN_QUOTED_INCLUDE_IN_FRAMEWORK_HEADER = YES;
				CLANG_WARN_RANGE_LOOP_ANALYSIS = YES;
				CLANG_WARN_STRICT_PROTOTYPES = YES;
				CLANG_WARN_SUSPICIOUS_MOVE = YES;
				CLANG_WARN_UNGUARDED_AVAILABILITY = YES_AGGRESSIVE;
				CLANG_WARN_UNREACHABLE_CODE = YES;
				CLANG_WARN__DUPLICATE_METHOD_MATCH = YES;
				COPY_PHASE_STRIP = NO;
				DEBUG_INFORMATION_FORMAT = dwarf;
				ENABLE_STRICT_OBJC_MSGSEND = YES;
				ENABLE_TESTABILITY = YES;
				GCC_C_LANGUAGE_STANDARD = gnu11;
				GCC_DYNAMIC_NO_PIC = NO;
				GCC_NO_COMMON_BLOCKS = YES;
				GCC_OPTIMIZATION_LEVEL = 0;
				GCC_PREPROCESSOR_DEFINITIONS = (
					"DEBUG=1",
					"$(inherited)",
				);
				GCC_WARN_64_TO_32_BIT_CONVERSION = YES;
				GCC_WARN_ABOUT_RETURN_TYPE = YES_ERROR;
				GCC_WARN_UNDECLARED_SELECTOR = YES;
				GCC_WARN_UNINITIALIZED_AUTOS = YES_AGGRESSIVE;
				GCC_WARN_UNUSED_FUNCTION = YES;
				GCC_WARN_UNUSED_VARIABLE = YES;
				IPHONEOS_DEPLOYMENT_TARGET = 13.0;
				MTL_ENABLE_DEBUG_INFO = INCLUDE_SOURCE;
				MTL_FAST_MATH = YES;
				ONLY_ACTIVE_ARCH = YES;
				SDKROOT = iphoneos;
				SWIFT_ACTIVE_COMPILATION_CONDITIONS = DEBUG;
				SWIFT_OPTIMIZATION_LEVEL = "-Onone";
			};
			name = Debug;
		};
		6A2905E32813B02B00480436 /* Release */ = {
			isa = XCBuildConfiguration;
			buildSettings = {
				ALWAYS_SEARCH_USER_PATHS = NO;
				CLANG_ANALYZER_NONNULL = YES;
				CLANG_ANALYZER_NUMBER_OBJECT_CONVERSION = YES_AGGRESSIVE;
				CLANG_CXX_LANGUAGE_STANDARD = "gnu++17";
				CLANG_ENABLE_MODULES = YES;
				CLANG_ENABLE_OBJC_ARC = YES;
				CLANG_ENABLE_OBJC_WEAK = YES;
				CLANG_WARN_BLOCK_CAPTURE_AUTORELEASING = YES;
				CLANG_WARN_BOOL_CONVERSION = YES;
				CLANG_WARN_COMMA = YES;
				CLANG_WARN_CONSTANT_CONVERSION = YES;
				CLANG_WARN_DEPRECATED_OBJC_IMPLEMENTATIONS = YES;
				CLANG_WARN_DIRECT_OBJC_ISA_USAGE = YES_ERROR;
				CLANG_WARN_DOCUMENTATION_COMMENTS = YES;
				CLANG_WARN_EMPTY_BODY = YES;
				CLANG_WARN_ENUM_CONVERSION = YES;
				CLANG_WARN_INFINITE_RECURSION = YES;
				CLANG_WARN_INT_CONVERSION = YES;
				CLANG_WARN_NON_LITERAL_NULL_CONVERSION = YES;
				CLANG_WARN_OBJC_IMPLICIT_RETAIN_SELF = YES;
				CLANG_WARN_OBJC_LITERAL_CONVERSION = YES;
				CLANG_WARN_OBJC_ROOT_CLASS = YES_ERROR;
				CLANG_WARN_QUOTED_INCLUDE_IN_FRAMEWORK_HEADER = YES;
				CLANG_WARN_RANGE_LOOP_ANALYSIS = YES;
				CLANG_WARN_STRICT_PROTOTYPES = YES;
				CLANG_WARN_SUSPICIOUS_MOVE = YES;
				CLANG_WARN_UNGUARDED_AVAILABILITY = YES_AGGRESSIVE;
				CLANG_WARN_UNREACHABLE_CODE = YES;
				CLANG_WARN__DUPLICATE_METHOD_MATCH = YES;
				COPY_PHASE_STRIP = NO;
				DEBUG_INFORMATION_FORMAT = "dwarf-with-dsym";
				ENABLE_NS_ASSERTIONS = NO;
				ENABLE_STRICT_OBJC_MSGSEND = YES;
				GCC_C_LANGUAGE_STANDARD = gnu11;
				GCC_NO_COMMON_BLOCKS = YES;
				GCC_WARN_64_TO_32_BIT_CONVERSION = YES;
				GCC_WARN_ABOUT_RETURN_TYPE = YES_ERROR;
				GCC_WARN_UNDECLARED_SELECTOR = YES;
				GCC_WARN_UNINITIALIZED_AUTOS = YES_AGGRESSIVE;
				GCC_WARN_UNUSED_FUNCTION = YES;
				GCC_WARN_UNUSED_VARIABLE = YES;
				IPHONEOS_DEPLOYMENT_TARGET = 13.0;
				MTL_ENABLE_DEBUG_INFO = NO;
				MTL_FAST_MATH = YES;
				SDKROOT = iphoneos;
				SWIFT_COMPILATION_MODE = wholemodule;
				SWIFT_OPTIMIZATION_LEVEL = "-O";
				VALIDATE_PRODUCT = YES;
			};
			name = Release;
		};
		6A2905E52813B02B00480436 /* Debug */ = {
			isa = XCBuildConfiguration;
			baseConfigurationReference = 85BEA64AAED0B7BD03060CB6 /* Pods-PsiCalculator.debug.xcconfig */;
			buildSettings = {
				ASSETCATALOG_COMPILER_APPICON_NAME = AppIcon;
				ASSETCATALOG_COMPILER_GLOBAL_ACCENT_COLOR_NAME = AccentColor;
				CODE_SIGN_STYLE = Automatic;
				CURRENT_PROJECT_VERSION = 1;
				DEVELOPMENT_TEAM = 7M2244JY3M;
				GENERATE_INFOPLIST_FILE = YES;
				INFOPLIST_FILE = PsiCalculator/Info.plist;
				INFOPLIST_KEY_UIApplicationSupportsIndirectInputEvents = YES;
				INFOPLIST_KEY_UILaunchStoryboardName = LaunchScreen;
				INFOPLIST_KEY_UIMainStoryboardFile = Main;
				INFOPLIST_KEY_UISupportedInterfaceOrientations_iPad = "UIInterfaceOrientationPortrait UIInterfaceOrientationPortraitUpsideDown UIInterfaceOrientationLandscapeLeft UIInterfaceOrientationLandscapeRight";
				INFOPLIST_KEY_UISupportedInterfaceOrientations_iPhone = "UIInterfaceOrientationPortrait UIInterfaceOrientationLandscapeLeft UIInterfaceOrientationLandscapeRight";
				LD_RUNPATH_SEARCH_PATHS = (
					"$(inherited)",
					"@executable_path/Frameworks",
				);
				MARKETING_VERSION = 1.0;
				PRODUCT_BUNDLE_IDENTIFIER = com.orcabe.PsiCalculator;
				PRODUCT_NAME = "$(TARGET_NAME)";
				SWIFT_EMIT_LOC_STRINGS = YES;
				SWIFT_VERSION = 5.0;
				TARGETED_DEVICE_FAMILY = "1,2";
			};
			name = Debug;
		};
		6A2905E62813B02B00480436 /* Release */ = {
			isa = XCBuildConfiguration;
			baseConfigurationReference = 4AA016BB0D6DF0FDD010CFCA /* Pods-PsiCalculator.release.xcconfig */;
			buildSettings = {
				ASSETCATALOG_COMPILER_APPICON_NAME = AppIcon;
				ASSETCATALOG_COMPILER_GLOBAL_ACCENT_COLOR_NAME = AccentColor;
				CODE_SIGN_STYLE = Automatic;
				CURRENT_PROJECT_VERSION = 1;
				DEVELOPMENT_TEAM = 7M2244JY3M;
				GENERATE_INFOPLIST_FILE = YES;
				INFOPLIST_FILE = PsiCalculator/Info.plist;
				INFOPLIST_KEY_UIApplicationSupportsIndirectInputEvents = YES;
				INFOPLIST_KEY_UILaunchStoryboardName = LaunchScreen;
				INFOPLIST_KEY_UIMainStoryboardFile = Main;
				INFOPLIST_KEY_UISupportedInterfaceOrientations_iPad = "UIInterfaceOrientationPortrait UIInterfaceOrientationPortraitUpsideDown UIInterfaceOrientationLandscapeLeft UIInterfaceOrientationLandscapeRight";
				INFOPLIST_KEY_UISupportedInterfaceOrientations_iPhone = "UIInterfaceOrientationPortrait UIInterfaceOrientationLandscapeLeft UIInterfaceOrientationLandscapeRight";
				LD_RUNPATH_SEARCH_PATHS = (
					"$(inherited)",
					"@executable_path/Frameworks",
				);
				MARKETING_VERSION = 1.0;
				PRODUCT_BUNDLE_IDENTIFIER = com.orcabe.PsiCalculator;
				PRODUCT_NAME = "$(TARGET_NAME)";
				SWIFT_EMIT_LOC_STRINGS = YES;
				SWIFT_VERSION = 5.0;
				TARGETED_DEVICE_FAMILY = "1,2";
			};
			name = Release;
		};
/* End XCBuildConfiguration section */

/* Begin XCConfigurationList section */
		6A2905CB2813B02800480436 /* Build configuration list for PBXProject "PsiCalculator" */ = {
			isa = XCConfigurationList;
			buildConfigurations = (
				6A2905E22813B02B00480436 /* Debug */,
				6A2905E32813B02B00480436 /* Release */,
			);
			defaultConfigurationIsVisible = 0;
			defaultConfigurationName = Release;
		};
		6A2905E42813B02B00480436 /* Build configuration list for PBXNativeTarget "PsiCalculator" */ = {
			isa = XCConfigurationList;
			buildConfigurations = (
				6A2905E52813B02B00480436 /* Debug */,
				6A2905E62813B02B00480436 /* Release */,
			);
			defaultConfigurationIsVisible = 0;
			defaultConfigurationName = Release;
		};
/* End XCConfigurationList section */

/* Begin XCRemoteSwiftPackageReference section */
		6ABF1C56284AC25800291424 /* XCRemoteSwiftPackageReference "IQKeyboardManager" */ = {
			isa = XCRemoteSwiftPackageReference;
			repositoryURL = "https://github.com/hackiftekhar/IQKeyboardManager.git";
			requirement = {
				kind = upToNextMajorVersion;
				minimumVersion = 6.5.9;
			};
		};
		6ABF1C57284AC83300291424 /* XCRemoteSwiftPackageReference "IQKeyboardManager" */ = {
			isa = XCRemoteSwiftPackageReference;
			repositoryURL = "https://github.com/hackiftekhar/IQKeyboardManager.git";
			requirement = {
				kind = upToNextMajorVersion;
				minimumVersion = 6.5.9;
			};
		};
/* End XCRemoteSwiftPackageReference section */

/* Begin XCSwiftPackageProductDependency section */
		6ABF1C58284AC83300291424 /* IQKeyboardManagerSwift */ = {
			isa = XCSwiftPackageProductDependency;
			package = 6ABF1C56284AC25800291424 /* XCRemoteSwiftPackageReference "IQKeyboardManager" */;
			productName = IQKeyboardManagerSwift;
		};
/* End XCSwiftPackageProductDependency section */
	};
	rootObject = 6A2905C82813B02800480436 /* Project object */;
}
